// !$*UTF8*$!
{
	archiveVersion = 1;
	classes = {
	};
	objectVersion = 50;
	objects = {

/* Begin PBXBuildFile section */
		9F6E2EAF23DB2A6A00546494 /* AppDelegate.swift in Sources */ = {isa = PBXBuildFile; fileRef = 9F6E2EAE23DB2A6A00546494 /* AppDelegate.swift */; };
		9F6E2EB123DB2A6A00546494 /* SceneDelegate.swift in Sources */ = {isa = PBXBuildFile; fileRef = 9F6E2EB023DB2A6A00546494 /* SceneDelegate.swift */; };
		9F6E2EB323DB2A6A00546494 /* ViewController.swift in Sources */ = {isa = PBXBuildFile; fileRef = 9F6E2EB223DB2A6A00546494 /* ViewController.swift */; };
		9F6E2EB623DB2A6A00546494 /* Main.storyboard in Resources */ = {isa = PBXBuildFile; fileRef = 9F6E2EB423DB2A6A00546494 /* Main.storyboard */; };
		9F6E2EB923DB2A6A00546494 /* github14.xcdatamodeld in Sources */ = {isa = PBXBuildFile; fileRef = 9F6E2EB723DB2A6A00546494 /* github14.xcdatamodeld */; };
		9F6E2EBB23DB2A6B00546494 /* Assets.xcassets in Resources */ = {isa = PBXBuildFile; fileRef = 9F6E2EBA23DB2A6B00546494 /* Assets.xcassets */; };
		9F6E2EBE23DB2A6B00546494 /* LaunchScreen.storyboard in Resources */ = {isa = PBXBuildFile; fileRef = 9F6E2EBC23DB2A6B00546494 /* LaunchScreen.storyboard */; };
		9F6E2EC923DB2A6B00546494 /* github14Tests.swift in Sources */ = {isa = PBXBuildFile; fileRef = 9F6E2EC823DB2A6B00546494 /* github14Tests.swift */; };
		9F6E2ED423DB2A6B00546494 /* github14UITests.swift in Sources */ = {isa = PBXBuildFile; fileRef = 9F6E2ED323DB2A6B00546494 /* github14UITests.swift */; };
/* End PBXBuildFile section */

/* Begin PBXContainerItemProxy section */
		9F6E2EC523DB2A6B00546494 /* PBXContainerItemProxy */ = {
			isa = PBXContainerItemProxy;
			containerPortal = 9F6E2EA323DB2A6A00546494 /* Project object */;
			proxyType = 1;
			remoteGlobalIDString = 9F6E2EAA23DB2A6A00546494;
			remoteInfo = github14;
		};
		9F6E2ED023DB2A6B00546494 /* PBXContainerItemProxy */ = {
			isa = PBXContainerItemProxy;
			containerPortal = 9F6E2EA323DB2A6A00546494 /* Project object */;
			proxyType = 1;
			remoteGlobalIDString = 9F6E2EAA23DB2A6A00546494;
			remoteInfo = github14;
		};
/* End PBXContainerItemProxy section */

/* Begin PBXFileReference section */
		9F6E2EAB23DB2A6A00546494 /* github14.app */ = {isa = PBXFileReference; explicitFileType = wrapper.application; includeInIndex = 0; path = github14.app; sourceTree = BUILT_PRODUCTS_DIR; };
		9F6E2EAE23DB2A6A00546494 /* AppDelegate.swift */ = {isa = PBXFileReference; lastKnownFileType = sourcecode.swift; path = AppDelegate.swift; sourceTree = "<group>"; };
		9F6E2EB023DB2A6A00546494 /* SceneDelegate.swift */ = {isa = PBXFileReference; lastKnownFileType = sourcecode.swift; path = SceneDelegate.swift; sourceTree = "<group>"; };
		9F6E2EB223DB2A6A00546494 /* ViewController.swift */ = {isa = PBXFileReference; lastKnownFileType = sourcecode.swift; path = ViewController.swift; sourceTree = "<group>"; };
		9F6E2EB523DB2A6A00546494 /* Base */ = {isa = PBXFileReference; lastKnownFileType = file.storyboard; name = Base; path = Base.lproj/Main.storyboard; sourceTree = "<group>"; };
		9F6E2EB823DB2A6A00546494 /* github14.xcdatamodel */ = {isa = PBXFileReference; lastKnownFileType = wrapper.xcdatamodel; path = github14.xcdatamodel; sourceTree = "<group>"; };
		9F6E2EBA23DB2A6B00546494 /* Assets.xcassets */ = {isa = PBXFileReference; lastKnownFileType = folder.assetcatalog; path = Assets.xcassets; sourceTree = "<group>"; };
		9F6E2EBD23DB2A6B00546494 /* Base */ = {isa = PBXFileReference; lastKnownFileType = file.storyboard; name = Base; path = Base.lproj/LaunchScreen.storyboard; sourceTree = "<group>"; };
		9F6E2EBF23DB2A6B00546494 /* Info.plist */ = {isa = PBXFileReference; lastKnownFileType = text.plist.xml; path = Info.plist; sourceTree = "<group>"; };
		9F6E2EC423DB2A6B00546494 /* github14Tests.xctest */ = {isa = PBXFileReference; explicitFileType = wrapper.cfbundle; includeInIndex = 0; path = github14Tests.xctest; sourceTree = BUILT_PRODUCTS_DIR; };
		9F6E2EC823DB2A6B00546494 /* github14Tests.swift */ = {isa = PBXFileReference; lastKnownFileType = sourcecode.swift; path = github14Tests.swift; sourceTree = "<group>"; };
		9F6E2ECA23DB2A6B00546494 /* Info.plist */ = {isa = PBXFileReference; lastKnownFileType = text.plist.xml; path = Info.plist; sourceTree = "<group>"; };
		9F6E2ECF23DB2A6B00546494 /* github14UITests.xctest */ = {isa = PBXFileReference; explicitFileType = wrapper.cfbundle; includeInIndex = 0; path = github14UITests.xctest; sourceTree = BUILT_PRODUCTS_DIR; };
		9F6E2ED323DB2A6B00546494 /* github14UITests.swift */ = {isa = PBXFileReference; lastKnownFileType = sourcecode.swift; path = github14UITests.swift; sourceTree = "<group>"; };
		9F6E2ED523DB2A6B00546494 /* Info.plist */ = {isa = PBXFileReference; lastKnownFileType = text.plist.xml; path = Info.plist; sourceTree = "<group>"; };
/* End PBXFileReference section */

/* Begin PBXFrameworksBuildPhase section */
		9F6E2EA823DB2A6A00546494 /* Frameworks */ = {
			isa = PBXFrameworksBuildPhase;
			buildActionMask = 2147483647;
			files = (
			);
			runOnlyForDeploymentPostprocessing = 0;
		};
		9F6E2EC123DB2A6B00546494 /* Frameworks */ = {
			isa = PBXFrameworksBuildPhase;
			buildActionMask = 2147483647;
			files = (
			);
			runOnlyForDeploymentPostprocessing = 0;
		};
		9F6E2ECC23DB2A6B00546494 /* Frameworks */ = {
			isa = PBXFrameworksBuildPhase;
			buildActionMask = 2147483647;
			files = (
			);
			runOnlyForDeploymentPostprocessing = 0;
		};
/* End PBXFrameworksBuildPhase section */

/* Begin PBXGroup section */
		9F6E2EA223DB2A6A00546494 = {
			isa = PBXGroup;
			children = (
				9F6E2EAD23DB2A6A00546494 /* github14 */,
				9F6E2EC723DB2A6B00546494 /* github14Tests */,
				9F6E2ED223DB2A6B00546494 /* github14UITests */,
				9F6E2EAC23DB2A6A00546494 /* Products */,
			);
			sourceTree = "<group>";
		};
		9F6E2EAC23DB2A6A00546494 /* Products */ = {
			isa = PBXGroup;
			children = (
				9F6E2EAB23DB2A6A00546494 /* github14.app */,
				9F6E2EC423DB2A6B00546494 /* github14Tests.xctest */,
				9F6E2ECF23DB2A6B00546494 /* github14UITests.xctest */,
			);
			name = Products;
			sourceTree = "<group>";
		};
		9F6E2EAD23DB2A6A00546494 /* github14 */ = {
			isa = PBXGroup;
			children = (
				9F6E2EAE23DB2A6A00546494 /* AppDelegate.swift */,
				9F6E2EB023DB2A6A00546494 /* SceneDelegate.swift */,
				9F6E2EB223DB2A6A00546494 /* ViewController.swift */,
				9F6E2EB423DB2A6A00546494 /* Main.storyboard */,
				9F6E2EBA23DB2A6B00546494 /* Assets.xcassets */,
				9F6E2EBC23DB2A6B00546494 /* LaunchScreen.storyboard */,
				9F6E2EBF23DB2A6B00546494 /* Info.plist */,
				9F6E2EB723DB2A6A00546494 /* github14.xcdatamodeld */,
			);
			path = github14;
			sourceTree = "<group>";
		};
		9F6E2EC723DB2A6B00546494 /* github14Tests */ = {
			isa = PBXGroup;
			children = (
				9F6E2EC823DB2A6B00546494 /* github14Tests.swift */,
				9F6E2ECA23DB2A6B00546494 /* Info.plist */,
			);
			path = github14Tests;
			sourceTree = "<group>";
		};
		9F6E2ED223DB2A6B00546494 /* github14UITests */ = {
			isa = PBXGroup;
			children = (
				9F6E2ED323DB2A6B00546494 /* github14UITests.swift */,
				9F6E2ED523DB2A6B00546494 /* Info.plist */,
			);
			path = github14UITests;
			sourceTree = "<group>";
		};
/* End PBXGroup section */

/* Begin PBXNativeTarget section */
		9F6E2EAA23DB2A6A00546494 /* github14 */ = {
			isa = PBXNativeTarget;
			buildConfigurationList = 9F6E2ED823DB2A6B00546494 /* Build configuration list for PBXNativeTarget "github14" */;
			buildPhases = (
				9F6E2EA723DB2A6A00546494 /* Sources */,
				9F6E2EA823DB2A6A00546494 /* Frameworks */,
				9F6E2EA923DB2A6A00546494 /* Resources */,
			);
			buildRules = (
			);
			dependencies = (
			);
			name = github14;
			productName = github14;
			productReference = 9F6E2EAB23DB2A6A00546494 /* github14.app */;
			productType = "com.apple.product-type.application";
		};
		9F6E2EC323DB2A6B00546494 /* github14Tests */ = {
			isa = PBXNativeTarget;
			buildConfigurationList = 9F6E2EDB23DB2A6B00546494 /* Build configuration list for PBXNativeTarget "github14Tests" */;
			buildPhases = (
				9F6E2EC023DB2A6B00546494 /* Sources */,
				9F6E2EC123DB2A6B00546494 /* Frameworks */,
				9F6E2EC223DB2A6B00546494 /* Resources */,
			);
			buildRules = (
			);
			dependencies = (
				9F6E2EC623DB2A6B00546494 /* PBXTargetDependency */,
			);
			name = github14Tests;
			productName = github14Tests;
			productReference = 9F6E2EC423DB2A6B00546494 /* github14Tests.xctest */;
			productType = "com.apple.product-type.bundle.unit-test";
		};
		9F6E2ECE23DB2A6B00546494 /* github14UITests */ = {
			isa = PBXNativeTarget;
			buildConfigurationList = 9F6E2EDE23DB2A6B00546494 /* Build configuration list for PBXNativeTarget "github14UITests" */;
			buildPhases = (
				9F6E2ECB23DB2A6B00546494 /* Sources */,
				9F6E2ECC23DB2A6B00546494 /* Frameworks */,
				9F6E2ECD23DB2A6B00546494 /* Resources */,
			);
			buildRules = (
			);
			dependencies = (
				9F6E2ED123DB2A6B00546494 /* PBXTargetDependency */,
			);
			name = github14UITests;
			productName = github14UITests;
			productReference = 9F6E2ECF23DB2A6B00546494 /* github14UITests.xctest */;
			productType = "com.apple.product-type.bundle.ui-testing";
		};
/* End PBXNativeTarget section */

/* Begin PBXProject section */
		9F6E2EA323DB2A6A00546494 /* Project object */ = {
			isa = PBXProject;
			attributes = {
				LastSwiftUpdateCheck = 1110;
				LastUpgradeCheck = 1110;
				ORGANIZATIONNAME = "Yakkala Kusumakumari";
				TargetAttributes = {
					9F6E2EAA23DB2A6A00546494 = {
						CreatedOnToolsVersion = 11.1;
					};
					9F6E2EC323DB2A6B00546494 = {
						CreatedOnToolsVersion = 11.1;
						TestTargetID = 9F6E2EAA23DB2A6A00546494;
					};
					9F6E2ECE23DB2A6B00546494 = {
						CreatedOnToolsVersion = 11.1;
						TestTargetID = 9F6E2EAA23DB2A6A00546494;
					};
				};
			};
			buildConfigurationList = 9F6E2EA623DB2A6A00546494 /* Build configuration list for PBXProject "github14" */;
			compatibilityVersion = "Xcode 9.3";
			developmentRegion = en;
			hasScannedForEncodings = 0;
			knownRegions = (
				en,
				Base,
			);
			mainGroup = 9F6E2EA223DB2A6A00546494;
			productRefGroup = 9F6E2EAC23DB2A6A00546494 /* Products */;
			projectDirPath = "";
			projectRoot = "";
			targets = (
				9F6E2EAA23DB2A6A00546494 /* github14 */,
				9F6E2EC323DB2A6B00546494 /* github14Tests */,
				9F6E2ECE23DB2A6B00546494 /* github14UITests */,
			);
		};
/* End PBXProject section */

/* Begin PBXResourcesBuildPhase section */
		9F6E2EA923DB2A6A00546494 /* Resources */ = {
			isa = PBXResourcesBuildPhase;
			buildActionMask = 2147483647;
			files = (
				9F6E2EBE23DB2A6B00546494 /* LaunchScreen.storyboard in Resources */,
				9F6E2EBB23DB2A6B00546494 /* Assets.xcassets in Resources */,
				9F6E2EB623DB2A6A00546494 /* Main.storyboard in Resources */,
			);
			runOnlyForDeploymentPostprocessing = 0;
		};
		9F6E2EC223DB2A6B00546494 /* Resources */ = {
			isa = PBXResourcesBuildPhase;
			buildActionMask = 2147483647;
			files = (
			);
			runOnlyForDeploymentPostprocessing = 0;
		};
		9F6E2ECD23DB2A6B00546494 /* Resources */ = {
			isa = PBXResourcesBuildPhase;
			buildActionMask = 2147483647;
			files = (
			);
			runOnlyForDeploymentPostprocessing = 0;
		};
/* End PBXResourcesBuildPhase section */

/* Begin PBXSourcesBuildPhase section */
		9F6E2EA723DB2A6A00546494 /* Sources */ = {
			isa = PBXSourcesBuildPhase;
			buildActionMask = 2147483647;
			files = (
				9F6E2EB323DB2A6A00546494 /* ViewController.swift in Sources */,
				9F6E2EB923DB2A6A00546494 /* github14.xcdatamodeld in Sources */,
				9F6E2EAF23DB2A6A00546494 /* AppDelegate.swift in Sources */,
				9F6E2EB123DB2A6A00546494 /* SceneDelegate.swift in Sources */,
			);
			runOnlyForDeploymentPostprocessing = 0;
		};
		9F6E2EC023DB2A6B00546494 /* Sources */ = {
			isa = PBXSourcesBuildPhase;
			buildActionMask = 2147483647;
			files = (
				9F6E2EC923DB2A6B00546494 /* github14Tests.swift in Sources */,
			);
			runOnlyForDeploymentPostprocessing = 0;
		};
		9F6E2ECB23DB2A6B00546494 /* Sources */ = {
			isa = PBXSourcesBuildPhase;
			buildActionMask = 2147483647;
			files = (
				9F6E2ED423DB2A6B00546494 /* github14UITests.swift in Sources */,
			);
			runOnlyForDeploymentPostprocessing = 0;
		};
/* End PBXSourcesBuildPhase section */

/* Begin PBXTargetDependency section */
		9F6E2EC623DB2A6B00546494 /* PBXTargetDependency */ = {
			isa = PBXTargetDependency;
			target = 9F6E2EAA23DB2A6A00546494 /* github14 */;
			targetProxy = 9F6E2EC523DB2A6B00546494 /* PBXContainerItemProxy */;
		};
		9F6E2ED123DB2A6B00546494 /* PBXTargetDependency */ = {
			isa = PBXTargetDependency;
			target = 9F6E2EAA23DB2A6A00546494 /* github14 */;
			targetProxy = 9F6E2ED023DB2A6B00546494 /* PBXContainerItemProxy */;
		};
/* End PBXTargetDependency section */

/* Begin PBXVariantGroup section */
		9F6E2EB423DB2A6A00546494 /* Main.storyboard */ = {
			isa = PBXVariantGroup;
			children = (
				9F6E2EB523DB2A6A00546494 /* Base */,
			);
			name = Main.storyboard;
			sourceTree = "<group>";
		};
		9F6E2EBC23DB2A6B00546494 /* LaunchScreen.storyboard */ = {
			isa = PBXVariantGroup;
			children = (
				9F6E2EBD23DB2A6B00546494 /* Base */,
			);
			name = LaunchScreen.storyboard;
			sourceTree = "<group>";
		};
/* End PBXVariantGroup section */

/* Begin XCBuildConfiguration section */
		9F6E2ED623DB2A6B00546494 /* Debug */ = {
			isa = XCBuildConfiguration;
			buildSettings = {
				ALWAYS_SEARCH_USER_PATHS = NO;
				CLANG_ANALYZER_NONNULL = YES;
				CLANG_ANALYZER_NUMBER_OBJECT_CONVERSION = YES_AGGRESSIVE;
				CLANG_CXX_LANGUAGE_STANDARD = "gnu++14";
				CLANG_CXX_LIBRARY = "libc++";
				CLANG_ENABLE_MODULES = YES;
				CLANG_ENABLE_OBJC_ARC = YES;
				CLANG_ENABLE_OBJC_WEAK = YES;
				CLANG_WARN_BLOCK_CAPTURE_AUTORELEASING = YES;
				CLANG_WARN_BOOL_CONVERSION = YES;
				CLANG_WARN_COMMA = YES;
				CLANG_WARN_CONSTANT_CONVERSION = YES;
				CLANG_WARN_DEPRECATED_OBJC_IMPLEMENTATIONS = YES;
				CLANG_WARN_DIRECT_OBJC_ISA_USAGE = YES_ERROR;
				CLANG_WARN_DOCUMENTATION_COMMENTS = YES;
				CLANG_WARN_EMPTY_BODY = YES;
				CLANG_WARN_ENUM_CONVERSION = YES;
				CLANG_WARN_INFINITE_RECURSION = YES;
				CLANG_WARN_INT_CONVERSION = YES;
				CLANG_WARN_NON_LITERAL_NULL_CONVERSION = YES;
				CLANG_WARN_OBJC_IMPLICIT_RETAIN_SELF = YES;
				CLANG_WARN_OBJC_LITERAL_CONVERSION = YES;
				CLANG_WARN_OBJC_ROOT_CLASS = YES_ERROR;
				CLANG_WARN_RANGE_LOOP_ANALYSIS = YES;
				CLANG_WARN_STRICT_PROTOTYPES = YES;
				CLANG_WARN_SUSPICIOUS_MOVE = YES;
				CLANG_WARN_UNGUARDED_AVAILABILITY = YES_AGGRESSIVE;
				CLANG_WARN_UNREACHABLE_CODE = YES;
				CLANG_WARN__DUPLICATE_METHOD_MATCH = YES;
				COPY_PHASE_STRIP = NO;
				DEBUG_INFORMATION_FORMAT = dwarf;
				ENABLE_STRICT_OBJC_MSGSEND = YES;
				ENABLE_TESTABILITY = YES;
				GCC_C_LANGUAGE_STANDARD = gnu11;
				GCC_DYNAMIC_NO_PIC = NO;
				GCC_NO_COMMON_BLOCKS = YES;
				GCC_OPTIMIZATION_LEVEL = 0;
				GCC_PREPROCESSOR_DEFINITIONS = (
					"DEBUG=1",
					"$(inherited)",
				);
				GCC_WARN_64_TO_32_BIT_CONVERSION = YES;
				GCC_WARN_ABOUT_RETURN_TYPE = YES_ERROR;
				GCC_WARN_UNDECLARED_SELECTOR = YES;
				GCC_WARN_UNINITIALIZED_AUTOS = YES_AGGRESSIVE;
				GCC_WARN_UNUSED_FUNCTION = YES;
				GCC_WARN_UNUSED_VARIABLE = YES;
				IPHONEOS_DEPLOYMENT_TARGET = 13.1;
				MTL_ENABLE_DEBUG_INFO = INCLUDE_SOURCE;
				MTL_FAST_MATH = YES;
				ONLY_ACTIVE_ARCH = YES;
				SDKROOT = iphoneos;
				SWIFT_ACTIVE_COMPILATION_CONDITIONS = DEBUG;
				SWIFT_OPTIMIZATION_LEVEL = "-Onone";
			};
			name = Debug;
		};
		9F6E2ED723DB2A6B00546494 /* Release */ = {
			isa = XCBuildConfiguration;
			buildSettings = {
				ALWAYS_SEARCH_USER_PATHS = NO;
				CLANG_ANALYZER_NONNULL = YES;
				CLANG_ANALYZER_NUMBER_OBJECT_CONVERSION = YES_AGGRESSIVE;
				CLANG_CXX_LANGUAGE_STANDARD = "gnu++14";
				CLANG_CXX_LIBRARY = "libc++";
				CLANG_ENABLE_MODULES = YES;
				CLANG_ENABLE_OBJC_ARC = YES;
				CLANG_ENABLE_OBJC_WEAK = YES;
				CLANG_WARN_BLOCK_CAPTURE_AUTORELEASING = YES;
				CLANG_WARN_BOOL_CONVERSION = YES;
				CLANG_WARN_COMMA = YES;
				CLANG_WARN_CONSTANT_CONVERSION = YES;
				CLANG_WARN_DEPRECATED_OBJC_IMPLEMENTATIONS = YES;
				CLANG_WARN_DIRECT_OBJC_ISA_USAGE = YES_ERROR;
				CLANG_WARN_DOCUMENTATION_COMMENTS = YES;
				CLANG_WARN_EMPTY_BODY = YES;
				CLANG_WARN_ENUM_CONVERSION = YES;
				CLANG_WARN_INFINITE_RECURSION = YES;
				CLANG_WARN_INT_CONVERSION = YES;
				CLANG_WARN_NON_LITERAL_NULL_CONVERSION = YES;
				CLANG_WARN_OBJC_IMPLICIT_RETAIN_SELF = YES;
				CLANG_WARN_OBJC_LITERAL_CONVERSION = YES;
				CLANG_WARN_OBJC_ROOT_CLASS = YES_ERROR;
				CLANG_WARN_RANGE_LOOP_ANALYSIS = YES;
				CLANG_WARN_STRICT_PROTOTYPES = YES;
				CLANG_WARN_SUSPICIOUS_MOVE = YES;
				CLANG_WARN_UNGUARDED_AVAILABILITY = YES_AGGRESSIVE;
				CLANG_WARN_UNREACHABLE_CODE = YES;
				CLANG_WARN__DUPLICATE_METHOD_MATCH = YES;
				COPY_PHASE_STRIP = NO;
				DEBUG_INFORMATION_FORMAT = "dwarf-with-dsym";
				ENABLE_NS_ASSERTIONS = NO;
				ENABLE_STRICT_OBJC_MSGSEND = YES;
				GCC_C_LANGUAGE_STANDARD = gnu11;
				GCC_NO_COMMON_BLOCKS = YES;
				GCC_WARN_64_TO_32_BIT_CONVERSION = YES;
				GCC_WARN_ABOUT_RETURN_TYPE = YES_ERROR;
				GCC_WARN_UNDECLARED_SELECTOR = YES;
				GCC_WARN_UNINITIALIZED_AUTOS = YES_AGGRESSIVE;
				GCC_WARN_UNUSED_FUNCTION = YES;
				GCC_WARN_UNUSED_VARIABLE = YES;
				IPHONEOS_DEPLOYMENT_TARGET = 13.1;
				MTL_ENABLE_DEBUG_INFO = NO;
				MTL_FAST_MATH = YES;
				SDKROOT = iphoneos;
				SWIFT_COMPILATION_MODE = wholemodule;
				SWIFT_OPTIMIZATION_LEVEL = "-O";
				VALIDATE_PRODUCT = YES;
			};
			name = Release;
		};
		9F6E2ED923DB2A6B00546494 /* Debug */ = {
			isa = XCBuildConfiguration;
			buildSettings = {
				ASSETCATALOG_COMPILER_APPICON_NAME = AppIcon;
				CODE_SIGN_STYLE = Automatic;
				INFOPLIST_FILE = github14/Info.plist;
				LD_RUNPATH_SEARCH_PATHS = (
					"$(inherited)",
					"@executable_path/Frameworks",
				);
				PRODUCT_BUNDLE_IDENTIFIER = BRN.github14;
				PRODUCT_NAME = "$(TARGET_NAME)";
				SWIFT_VERSION = 5.0;
				TARGETED_DEVICE_FAMILY = "1,2";
			};
			name = Debug;
		};
		9F6E2EDA23DB2A6B00546494 /* Release */ = {
			isa = XCBuildConfiguration;
			buildSettings = {
				ASSETCATALOG_COMPILER_APPICON_NAME = AppIcon;
				CODE_SIGN_STYLE = Automatic;
				INFOPLIST_FILE = github14/Info.plist;
				LD_RUNPATH_SEARCH_PATHS = (
					"$(inherited)",
					"@executable_path/Frameworks",
				);
				PRODUCT_BUNDLE_IDENTIFIER = BRN.github14;
				PRODUCT_NAME = "$(TARGET_NAME)";
				SWIFT_VERSION = 5.0;
				TARGETED_DEVICE_FAMILY = "1,2";
			};
			name = Release;
		};
		9F6E2EDC23DB2A6B00546494 /* Debug */ = {
			isa = XCBuildConfiguration;
			buildSettings = {
				ALWAYS_EMBED_SWIFT_STANDARD_LIBRARIES = YES;
				BUNDLE_LOADER = "$(TEST_HOST)";
				CODE_SIGN_STYLE = Automatic;
				INFOPLIST_FILE = github14Tests/Info.plist;
				IPHONEOS_DEPLOYMENT_TARGET = 13.1;
				LD_RUNPATH_SEARCH_PATHS = (
					"$(inherited)",
					"@executable_path/Frameworks",
					"@loader_path/Frameworks",
				);
				PRODUCT_BUNDLE_IDENTIFIER = BRN.github14Tests;
				PRODUCT_NAME = "$(TARGET_NAME)";
				SWIFT_VERSION = 5.0;
				TARGETED_DEVICE_FAMILY = "1,2";
				TEST_HOST = "$(BUILT_PRODUCTS_DIR)/github14.app/github14";
			};
			name = Debug;
		};
		9F6E2EDD23DB2A6B00546494 /* Release */ = {
			isa = XCBuildConfiguration;
			buildSettings = {
				ALWAYS_EMBED_SWIFT_STANDARD_LIBRARIES = YES;
				BUNDLE_LOADER = "$(TEST_HOST)";
				CODE_SIGN_STYLE = Automatic;
				INFOPLIST_FILE = github14Tests/Info.plist;
				IPHONEOS_DEPLOYMENT_TARGET = 13.1;
				LD_RUNPATH_SEARCH_PATHS = (
					"$(inherited)",
					"@executable_path/Frameworks",
					"@loader_path/Frameworks",
				);
				PRODUCT_BUNDLE_IDENTIFIER = BRN.github14Tests;
				PRODUCT_NAME = "$(TARGET_NAME)";
				SWIFT_VERSION = 5.0;
				TARGETED_DEVICE_FAMILY = "1,2";
				TEST_HOST = "$(BUILT_PRODUCTS_DIR)/github14.app/github14";
			};
			name = Release;
		};
		9F6E2EDF23DB2A6B00546494 /* Debug */ = {
			isa = XCBuildConfiguration;
			buildSettings = {
				ALWAYS_EMBED_SWIFT_STANDARD_LIBRARIES = YES;
				CODE_SIGN_STYLE = Automatic;
				INFOPLIST_FILE = github14UITests/Info.plist;
				LD_RUNPATH_SEARCH_PATHS = (
					"$(inherited)",
					"@executable_path/Frameworks",
					"@loader_path/Frameworks",
				);
				PRODUCT_BUNDLE_IDENTIFIER = BRN.github14UITests;
				PRODUCT_NAME = "$(TARGET_NAME)";
				SWIFT_VERSION = 5.0;
				TARGETED_DEVICE_FAMILY = "1,2";
				TEST_TARGET_NAME = github14;
			};
			name = Debug;
		};
		9F6E2EE023DB2A6B00546494 /* Release */ = {
			isa = XCBuildConfiguration;
			buildSettings = {
				ALWAYS_EMBED_SWIFT_STANDARD_LIBRARIES = YES;
				CODE_SIGN_STYLE = Automatic;
				INFOPLIST_FILE = github14UITests/Info.plist;
				LD_RUNPATH_SEARCH_PATHS = (
					"$(inherited)",
					"@executable_path/Frameworks",
					"@loader_path/Frameworks",
				);
				PRODUCT_BUNDLE_IDENTIFIER = BRN.github14UITests;
				PRODUCT_NAME = "$(TARGET_NAME)";
				SWIFT_VERSION = 5.0;
				TARGETED_DEVICE_FAMILY = "1,2";
				TEST_TARGET_NAME = github14;
			};
			name = Release;
		};
/* End XCBuildConfiguration section */

/* Begin XCConfigurationList section */
		9F6E2EA623DB2A6A00546494 /* Build configuration list for PBXProject "github14" */ = {
			isa = XCConfigurationList;
			buildConfigurations = (
				9F6E2ED623DB2A6B00546494 /* Debug */,
				9F6E2ED723DB2A6B00546494 /* Release */,
			);
			defaultConfigurationIsVisible = 0;
			defaultConfigurationName = Release;
		};
		9F6E2ED823DB2A6B00546494 /* Build configuration list for PBXNativeTarget "github14" */ = {
			isa = XCConfigurationList;
			buildConfigurations = (
				9F6E2ED923DB2A6B00546494 /* Debug */,
				9F6E2EDA23DB2A6B00546494 /* Release */,
			);
			defaultConfigurationIsVisible = 0;
			defaultConfigurationName = Release;
		};
		9F6E2EDB23DB2A6B00546494 /* Build configuration list for PBXNativeTarget "github14Tests" */ = {
			isa = XCConfigurationList;
			buildConfigurations = (
				9F6E2EDC23DB2A6B00546494 /* Debug */,
				9F6E2EDD23DB2A6B00546494 /* Release */,
			);
			defaultConfigurationIsVisible = 0;
			defaultConfigurationName = Release;
		};
		9F6E2EDE23DB2A6B00546494 /* Build configuration list for PBXNativeTarget "github14UITests" */ = {
			isa = XCConfigurationList;
			buildConfigurations = (
				9F6E2EDF23DB2A6B00546494 /* Debug */,
				9F6E2EE023DB2A6B00546494 /* Release */,
			);
			defaultConfigurationIsVisible = 0;
			defaultConfigurationName = Release;
		};
/* End XCConfigurationList section */

/* Begin XCVersionGroup section */
		9F6E2EB723DB2A6A00546494 /* github14.xcdatamodeld */ = {
			isa = XCVersionGroup;
			children = (
				9F6E2EB823DB2A6A00546494 /* github14.xcdatamodel */,
			);
			currentVersion = 9F6E2EB823DB2A6A00546494 /* github14.xcdatamodel */;
			path = github14.xcdatamodeld;
			sourceTree = "<group>";
			versionGroupType = wrapper.xcdatamodel;
		};
/* End XCVersionGroup section */
	};
	rootObject = 9F6E2EA323DB2A6A00546494 /* Project object */;
}
